version = 1
revision = 3
requires-python = ">=3.11, <3.14"

[[package]]
name = "hello-world"
version = "0.1.0"
source = { editable = "." }
dependencies = [
    { name = "peppygen" },
    { name = "peppylib" },
]

[package.metadata]
requires-dist = [
    { name = "peppygen", directory = ".peppy/libs/peppygen" },
    { name = "peppylib", directory = ".peppy/libs/peppylib" },
]

[package.metadata.requires-dev]
dev = []

[[package]]
name = "jinja2"
version = "3.1.6"
source = { registry = "https://pypi.org/simple" }
dependencies = [
    { name = "markupsafe" },
]
sdist = { url = "https://files.pythonhosted.org/packages/df/bf/f7da0350254c0ed7c72f3e33cef02e048281fec7ecec5f032d4aac52226b/jinja2-3.1.6.tar.gz", hash = "sha256:0137fb05990d35f1275a587e9aee6d56da821fc83491a0fb838183be43f66d6d", size = 245115, upload-time = "2025-03-05T20:05:02.478Z" }
wheels = [
    { url = "https://files.pythonhosted.org/packages/62/a1/3d680cbfd5f4b8f15abc1d571870c5fc3e594bb582bc3b64ea099db13e56/jinja2-3.1.6-py3-none-any.whl", hash = "sha256:85ece4451f492d0c13c5dd7c13a64681a86afae63a5f347908daf103ce6d2f67", size = 134899, upload-time = "2025-03-05T20:05:00.369Z" },
]

[[package]]
name = "markupsafe"
version = "3.0.4"
source = { registry = "https://pypi.org/simple" }
sdist = { url = "https://files.pythonhosted.org/packages/38/9b/e422a865e1d5d57d0e509b4e0bf1c1a70a7f6382c29a5aa428df994c8bc8/markupsafe-3.0.4.tar.gz", hash = "sha256:2e9ad7dd851bf45fab9f75cbff4cb493fee9979e8d8c7c9c3ee119022518edd6", size = 153777, upload-time = "2026-10-02T23:07:22.29Z" }
wheels = [
    { url = "https://files.pythonhosted.org/packages/32/55/18dbb4778b30ada5ce071608503cc3edc9e14e13d868c17a6d178fc30f7a/markupsafe-3.0.4-cp311-cp311-macosx_10_9_x86_64.whl", hash = "sha256:9e25feb9e330b63edb0278a0acdf85e50d0cb0fbf49c3084abbe4e24ae195346", size = 11520, upload-time = "2026-10-02T23:04:36.299Z" },
    { url = "https://files.pythonhosted.org/packages/6c/14/0b05f79b4733e264a18d08fe08fa1df7347630ff32a6cb82180d9dccec55/markupsafe-3.0.4-cp311-cp311-macosx_11_0_arm64.whl", hash = "sha256:7d3391b2188d18737cb2fa147028b1096236eaa7e156446c650a489fa2cadc91", size = 12063, upload-time = "2026-10-02T23:04:37.291Z" },
    { url = "https://files.pythonhosted.org/packages/ca/3a/63ba10b6c1463216b3e4df669a9f0e5a3b0c3071557d2e8229e3968c79fb/markupsafe-3.0.4-cp311-cp311-manylinux2014_aarch64.manylinux_2_17_aarch64.manylinux_2_28_aarch64.whl", hash = "sha256:849dd2bb0e5e4ab2b71c7191726a4a8d5aa8a610daa584728cbee0b710ddc4ef", size = 24321, upload-time = "2026-10-02T23:04:38.262Z" },
    { url = "https://files.pythonhosted.org/packages/1a/2e/5f015261b76ad633d187ef6f388b413aedd64a8773c4df59e530a0be5525/markupsafe-3.0.4-cp311-cp311-manylinux2014_armv7l.manylinux_2_17_armv7l.manylinux_2_31_armv7l.whl", hash = "sha256:befb4158af32106b9a93db8d6d1d1cbbd418c0d5aca0cabb7b1780abf0c89169", size = 28845, upload-time = "2026-10-02T23:04:39.295Z" },
    { url = "https://files.pythonhosted.org/packages/33/cf/26e594b26be40c2f1fec63ccf8a8b99d0335a5b2cbe84835c7d82a994375/markupsafe-3.0.4-cp311-cp311-manylinux2014_ppc64le.manylinux_2_17_ppc64le.manylinux_2_28_ppc64le.whl", hash = "sha256:71f88e749ea29f67f21f3b36433c1dc54c7729ed2a6d9e2da2e0d9e0d7b224eb", size = 24701, upload-time = "2026-10-02T23:04:40.348Z" },
    { url = "https://files.pythonhosted.org/packages/81/a5/a513b76c139a3915b43404324e55c0b7979ae4f0d39eb6f075b0282e90a8/markupsafe-3.0.4-cp311-cp311-manylinux2014_x86_64.manylinux_2_17_x86_64.manylinux_2_28_x86_64.whl", hash = "sha256:6da83a088f8ef93b2d483a8232a4dbf4d69d3d8496b568a03c56becac43e1808", size = 22961, upload-time = "2026-10-02T23:04:41.372Z" },
    { url = "https://files.pythonhosted.org/packages/46/cf/4c66192c100b4542bcbe392ae06696b670f66927be3ac38a213234778ff9/markupsafe-3.0.4-cp311-cp311-manylinux_2_31_riscv64.manylinux_2_39_riscv64.whl", hash = "sha256:8f0fac8b13d14bb06c68195f849371924ae53dd7b1c00fed24650f704383b692", size = 21920, upload-time = "2026-10-02T23:04:42.429Z" },
    { url = "https://files.pythonhosted.org/packages/cb/17/ac3662678bfbad649893117ada2ba44dc30bf56884e84f13154a792b10f1/markupsafe-3.0.4-cp311-cp311-musllinux_1_2_aarch64.whl", hash = "sha256:4a7cdc2a420ca01058182da4253329764d4bfa055564d1eced90e6ba1e8b1d3d", size = 23726, upload-time = "2026-10-02T23:04:43.531Z" },
    { url = "https://files.pythonhosted.org/packages/f7/af/fe47cee339180a69ebca3c57fb3483d0f5cbd1e8337d1871fb1d9c1aebee/markupsafe-3.0.4-cp311-cp311-musllinux_1_2_armv7l.whl", hash = "sha256:83b3944fea42a8400edf92fd1770fb8d0d4f7de651353bd2d8525a92dba69a21", size = 22539, upload-time = "2026-10-02T23:04:44.618Z" },
    { url = "https://files.pythonhosted.org/packages/12/32/d55440ba140442800e02d799c9cb5ab597bf6ebdb1177b5ea39a11f797bd/markupsafe-3.0.4-cp311-cp311-musllinux_1_2_ppc64le.whl", hash = "sha256:8138eb83940ec7299024d92d4dee45f601b9e6c5ffde9d25f4e35e326203c707", size = 23963, upload-time = "2026-10-02T23:04:45.656Z" },
    { url = "https://files.pythonhosted.org/packages/50/9d/9c86042cb364c2ad4c971e6d1247929effd25f714cd7ee11b05e6316445b/markupsafe-3.0.4-cp311-cp311-musllinux_1_2_riscv64.whl", hash = "sha256:811d02d5122171c1941357efd8f9bf4ffe907b7f0a1a4e729a880e4be3f46e3e", size = 21506, upload-time = "2026-10-02T23:04:46.671Z" },
    { url = "https://files.pythonhosted.org/packages/75/ef/5b824f03ba40c3b3652b6272d083d2fc4fcdd440de519a3a39ba2c3e7262/markupsafe-3.0.4-cp311-cp311-musllinux_1_2_x86_64.whl", hash = "sha256:50b5bedc9ed8a94fc8857a42ef4f84a81ea88f8d4f05dc8705fb23ee6d8dcca7", size = 22955, upload-time = "2026-10-02T23:04:47.698Z" },
    { url = "https://files.pythonhosted.org/packages/1e/e8/44cfcb5ea40e5e43cec7793ef90704ed0c475280839076c4345757eb8e59/markupsafe-3.0.4-cp311-cp311-win32.whl", hash = "sha256:2e5a7cd7fdd14fcb1ae5d7d8bf23d24fbd1daefd1fbca2580132e1ea75f098b5", size = 14094, upload-time = "2026-10-02T23:04:48.788Z" },
    { url = "https://files.pythonhosted.org/packages/91/89/f2b509f7bf79352e40117824c1070dbeafd4df67031d3fa98165a3134228/markupsafe-3.0.4-cp311-cp311-win_amd64.whl", hash = "sha256:fdb4ca07ab75ffadab4a8b135ad59cdbb3156b99310f3d565370da74a15d6bd3", size = 14328, upload-time = "2026-10-02T23:04:49.801Z" },
    { url = "https://files.pythonhosted.org/packages/2b/5a/ccf22672a0f64dc682306e288f0dabcb06c7a201f3bb6e6cbf86d9e8ad03/markupsafe-3.0.4-cp311-cp311-win_arm64.whl", hash = "sha256:569d65055d367e3dcdf30c3f41119467b73d9ee9faf332bdf40402644f5ac08e", size = 14188, upload-time = "2026-10-02T23:04:50.847Z" },
    { url = "https://files.pythonhosted.org/packages/81/09/4c59d56b8461ae8eb0d8ba34bb25b7e618547044679d58a82ef9b2479fc1/markupsafe-3.0.4-cp312-cp312-macosx_10_13_x86_64.whl", hash = "sha256:61631e08084be9e21a8967ec3139c7616ed7c5e9368e05c86d1b39562c8a57b6", size = 11658, upload-time = "2026-10-02T23:04:51.876Z" },
    { url = "https://files.pythonhosted.org/packages/a2/f0/d6613774d86fbf6d145751d43c59875e47a6f9f17daee0aef173bd36d90e/markupsafe-3.0.4-cp312-cp312-macosx_11_0_arm64.whl", hash = "sha256:0930db9bdc62d22944e10b066448bb65dc9abe9112880c7cab8da54db4284d5f", size = 12050, upload-time = "2026-10-02T23:04:52.931Z" },
    { url = "https://files.pythonhosted.org/packages/0d/f2/8f18e0b806eb13c1f8d07d917a720831ead54253a6dec011fbc78098a6f8/markupsafe-3.0.4-cp312-cp312-manylinux2014_aarch64.manylinux_2_17_aarch64.manylinux_2_28_aarch64.whl", hash = "sha256:6a45c3d514f2436064db00d7fc8778d888f0236ebfed649b53d13a59e69ad51b", size = 24363, upload-time = "2026-10-02T23:04:53.895Z" },
    { url = "https://files.pythonhosted.org/packages/60/ce/fa07dbe8a5675558fa36dea033e19995bc783de2dec5f540ccb9030b06aa/markupsafe-3.0.4-cp312-cp312-manylinux2014_armv7l.manylinux_2_17_armv7l.manylinux_2_31_armv7l.whl", hash = "sha256:1e1451fab512d1bcc3dc26988ec1edb0b82c2db909132872cd9356070a6b63df", size = 28525, upload-time = "2026-10-02T23:04:54.905Z" },
    { url = "https://files.pythonhosted.org/packages/85/40/be87c01f3868ec217f8a2015089d71c22c8c5a75324822e5ed1cdd87210d/markupsafe-3.0.4-cp312-cp312-manylinux2014_ppc64le.manylinux_2_17_ppc64le.manylinux_2_28_ppc64le.whl", hash = "sha256:bd3ce56ae2cbae3ba82b683bc425cd7e48d2ed8b10f3e818186b6f5646d9271c", size = 24733, upload-time = "2026-10-02T23:04:56.229Z" },
    { url = "https://files.pythonhosted.org/packages/4f/a7/aeedb5140afa41fc74c225e9184ab96723a6e873b6ee1c9fede7283456d8/markupsafe-3.0.4-cp312-cp312-manylinux2014_x86_64.manylinux_2_17_x86_64.manylinux_2_28_x86_64.whl", hash = "sha256:8e124f974786f831d6043728e38296969d3579db8896fe004682f5758e613581", size = 22985, upload-time = "2026-10-02T23:04:57.521Z" },
    { url = "https://files.pythonhosted.org/packages/c3/fc/e91352bb08c6a59da3ef0909d457bf95a5f5908fbf151b30a06d9dbcfbb4/markupsafe-3.0.4-cp312-cp312-manylinux_2_31_riscv64.manylinux_2_39_riscv64.whl", hash = "sha256:c02e8f18bdedba082cef725942ac823b9b60656db07f7e265cb31618dfd00d77", size = 22001, upload-time = "2026-10-02T23:04:58.597Z" },
    { url = "https://files.pythonhosted.org/packages/5d/f8/bffee5e7d2a3deb59748a797650a48af7e672025cf641a79344a771ad106/markupsafe-3.0.4-cp312-cp312-musllinux_1_2_aarch64.whl", hash = "sha256:9f098115c247e11d138ab83a28fa0323c77015007ea2df73ba5fd714dfefd67c", size = 23793, upload-time = "2026-10-02T23:04:59.686Z" },
    { url = "https://files.pythonhosted.org/packages/ed/59/b853d6628ecb4d658e1d637224846d5e9bb4adf4f8df97f3be9f29dce2ec/markupsafe-3.0.4-cp312-cp312-musllinux_1_2_armv7l.whl", hash = "sha256:d5f93ebbeb8032d47e349328ec8662d973d9b05a70b3c35df1f91fe419b84749", size = 22640, upload-time = "2026-10-02T23:05:00.768Z" },
    { url = "https://files.pythonhosted.org/packages/09/b2/1506df394f0f075797c418d0301498f49e43be194e3ffcb49e6fe6ccf022/markupsafe-3.0.4-cp312-cp312-musllinux_1_2_ppc64le.whl", hash = "sha256:64511c54db4e4987aef4c41923235927428729e8174c5dba488429be70a998ed", size = 24074, upload-time = "2026-10-02T23:05:01.813Z" },
    { url = "https://files.pythonhosted.org/packages/c7/81/5ed69cda630ac69ef60d06c09ba5a7f84ff66a2e28cf986fd5614ab3c6e6/markupsafe-3.0.4-cp312-cp312-musllinux_1_2_riscv64.whl", hash = "sha256:e1a622f13970d81f95d0c72f9dc090dce9085fccfa4c9f2174377ee32bd15786", size = 21563, upload-time = "2026-10-02T23:05:03.239Z" },
    { url = "https://files.pythonhosted.org/packages/0c/fe/fb1e79be0fea60aa32602ebefc9c35a82bb42b4df157285ab7dfec12341a/markupsafe-3.0.4-cp312-cp312-musllinux_1_2_x86_64.whl", hash = "sha256:c9a7f43c0b202b334cc9184af09bb8f21d3a209e038efaf106936fb69e6b026e", size = 23048, upload-time = "2026-10-02T23:05:04.479Z" },
    { url = "https://files.pythonhosted.org/packages/c8/52/7632a53360671a9b750cdbabaf9cdd89f18b42248b8e4cb42c0b0296e459/markupsafe-3.0.4-cp312-cp312-win32.whl", hash = "sha256:f0ec3b750b59375eab5b0fb2b9254810c00a3375be6d789899f1055a1d556237", size = 14108, upload-time = "2026-10-02T23:05:05.513Z" },
    { url = "https://files.pythonhosted.org/packages/3f/bf/62495e180b7000aaf30000fff849e933f74264638057176cf46852500adc/markupsafe-3.0.4-cp312-cp312-win_amd64.whl", hash = "sha256:11935df9bf455ed0c04eb87bcd720f02b1fe5e02128a9430f23aed6f93336fc7", size = 14303, upload-time = "2026-10-02T23:05:06.538Z" },
    { url = "https://files.pythonhosted.org/packages/c5/8e/4c24208776a65878d656996945aacfbfe010d3720d1a98fc0eb8491fc03b/markupsafe-3.0.4-cp312-cp312-win_arm64.whl", hash = "sha256:a4bbd2d87dd233b9fc5812160c3d0ffbe42edc22a26ce0469f58479ede633fe9", size = 14174, upload-time = "2026-10-02T23:05:07.617Z" },
    { url = "https://files.pythonhosted.org/packages/6d/18/4bc5ba32499e87bb2b0ef5b3a9bb9c00a131fa961ddf0be548cb550f548b/markupsafe-3.0.4-cp313-cp313-android_24_arm64_v8a.whl", hash = "sha256:de8b364c423ef0a4bad9069657d617f9a5d2b2062457a89b1fa16ee199c399c1", size = 12786, upload-time = "2026-10-02T23:05:08.709Z" },
    { url = "https://files.pythonhosted.org/packages/4e/6f/17f0c099bf25f3e31e63cc19244d9f6af861a9a4ab778c203997903cfdd0/markupsafe-3.0.4-cp313-cp313-android_24_x86_64.whl", hash = "sha256:34bdde374c5932765d7dc685c4a1d191a3207852d67e8e0a9eb6ea85156181f1", size = 12510, upload-time = "2026-10-02T23:05:09.93Z" },
    { url = "https://files.pythonhosted.org/packages/11/af/1a141081b905036ee904ec4bd945e1f70b4e1b32d33c4e59e8cf1d58b247/markupsafe-3.0.4-cp313-cp313-ios_13_0_arm64_iphoneos.whl", hash = "sha256:6bd9e1788e15bfcf6a9082de42e30387e7b85d211ab21e57a939bb8cfaaf8d96", size = 11583, upload-time = "2026-10-02T23:05:10.884Z" },
    { url = "https://files.pythonhosted.org/packages/e7/0a/a89385ae590232622a03e091805cff12f24fabe6c11e0e8bae096cece81c/markupsafe-3.0.4-cp313-cp313-ios_13_0_arm64_iphonesimulator.whl", hash = "sha256:5066b244f576f91afc8ee3ba029a89f99d39c79b1853fe9d39bea9f0afbec148", size = 11801, upload-time = "2026-10-02T23:05:11.913Z" },
    { url = "https://files.pythonhosted.org/packages/ed/85/ea548dc013962eb73653124bc595635fbf9e0fa41d1f181a967ccb784dfb/markupsafe-3.0.4-cp313-cp313-ios_13_0_x86_64_iphonesimulator.whl", hash = "sha256:7a83aa6e4805df46fed18e989d3d16f86ef60cb50bbc8d9ce3a6be89165fbf6e", size = 11443, upload-time = "2026-10-02T23:05:12.887Z" },
    { url = "https://files.pythonhosted.org/packages/cc/72/15f2e5ec9cf2eb00d5cdfe968d94e4156a7bd7303832c3f3b2c403a36839/markupsafe-3.0.4-cp313-cp313-macosx_10_13_x86_64.whl", hash = "sha256:2d1b7d9308288661f56672b1b157d75fc536714d3638487bbea17b6318a78248", size = 11665, upload-time = "2026-10-02T23:05:13.829Z" },
    { url = "https://files.pythonhosted.org/packages/ca/e0/4030bea613677e333c8a2c901fd405055f657f9d06acba5b7357984b6ef7/markupsafe-3.0.4-cp313-cp313-macosx_11_0_arm64.whl", hash = "sha256:73e77980c7207854f00fc4e71fb1626868d5740ab4012623d55c7a99ad122a72", size = 12061, upload-time = "2026-10-02T23:05:14.807Z" },
    { url = "https://files.pythonhosted.org/packages/f3/a5/28b76a7449eb702966b88bef599e2360b411fbb3afeee8fe560939be06ec/markupsafe-3.0.4-cp313-cp313-manylinux2014_aarch64.manylinux_2_17_aarch64.manylinux_2_28_aarch64.whl", hash = "sha256:7018d4af1cd272e847aa5917983ab5e83e4f6579f9dbfecd4a79c0ca80b144c2", size = 24395, upload-time = "2026-10-02T23:05:15.909Z" },
    { url = "https://files.pythonhosted.org/packages/07/6c/21232811afc3a063b5e934b1ae2efda52f46154ec382f585149c020e61fe/markupsafe-3.0.4-cp313-cp313-manylinux2014_armv7l.manylinux_2_17_armv7l.manylinux_2_31_armv7l.whl", hash = "sha256:c90d5b3d4e944e065a301d741b3c1d784f6bd1f503aa68b4967e32b2ba313d85", size = 27183, upload-time = "2026-10-02T23:05:16.976Z" },
    { url = "https://files.pythonhosted.org/packages/14/38/6ccdfa5b59049cb36fb80cbc80aee9cf1fc9bb77d1335ad435f2070b08cf/markupsafe-3.0.4-cp313-cp313-manylinux2014_ppc64le.manylinux_2_17_ppc64le.manylinux_2_28_ppc64le.whl", hash = "sha256:18a801868a884f216e784d7d14db2a4077143ce7610440aee2ce8f734e7cfcde", size = 24772, upload-time = "2026-10-02T23:05:18.209Z" },
    { url = "https://files.pythonhosted.org/packages/63/e0/cec6865dfe88cb48fedd4b20aed6af5158e41092adcbf3e028bcc6ec2108/markupsafe-3.0.4-cp313-cp313-manylinux2014_x86_64.manylinux_2_17_x86_64.manylinux_2_28_x86_64.whl", hash = "sha256:434139499bb20b502ed3baa1f169e618f924a97e7a777fea1a49446d80106cf6", size = 23017, upload-time = "2026-10-02T23:05:19.286Z" },
    { url = "https://files.pythonhosted.org/packages/ee/76/6ed4940bb7648a9aac457c14f870cfdd5105f139a0fb1f29cd61fafa47d1/markupsafe-3.0.4-cp313-cp313-manylinux_2_31_riscv64.manylinux_2_39_riscv64.whl", hash = "sha256:9e227f3dbe6bde7491cf0a9965d00b88c6b1a4a95d11480ddf88bb96d397c19f", size = 22036, upload-time = "2026-10-02T23:05:20.352Z" },
    { url = "https://files.pythonhosted.org/packages/a1/4f/ed476226d4fe46a09090a36025bf319296810028df55eb12f1253b540f3a/markupsafe-3.0.4-cp313-cp313-musllinux_1_2_aarch64.whl", hash = "sha256:b8cd1f918b26fd7b1832ece557cc18f2d8747309ff8b3f0ef9d4250c5ad67a39", size = 23786, upload-time = "2026-10-02T23:05:21.576Z" },
    { url = "https://files.pythonhosted.org/packages/9a/35/66ff30450e35ef5fba9ebc930c9411747e537fd9447b65e44f5007e2b84d/markupsafe-3.0.4-cp313-cp313-musllinux_1_2_armv7l.whl", hash = "sha256:a5fcffb37e602b0b3c1638a97746b9b96125caa9bcf6fa41d337a9261de231ee", size = 22672, upload-time = "2026-10-02T23:05:22.922Z" },
    { url = "https://files.pythonhosted.org/packages/32/0b/72f45ce4b4efcbca4b80cf1b06703eff0be8d37e82abb78f66c85a7ead1e/markupsafe-3.0.4-cp313-cp313-musllinux_1_2_ppc64le.whl", hash = "sha256:5989cb26b2e1efc6a42216a9f6b5ee495ce5ace2e5b352a9af489976b32d1ee2", size = 24107, upload-time = "2026-10-02T23:05:24.175Z" },
    { url = "https://files.pythonhosted.org/packages/d2/03/71776e5fdcba04614b384cc102e8a4198208579d896fd1394cb7cb9aa900/markupsafe-3.0.4-cp313-cp313-musllinux_1_2_riscv64.whl", hash = "sha256:add96447a86d205ab616665d53b2950ee81083757f56e6ea833c8b2917646b46", size = 21615, upload-time = "2026-10-02T23:05:25.215Z" },
    { url = "https://files.pythonhosted.org/packages/ab/5f/801ce02a02e7aee0f784b1ec7843026178f6adeb9c93ac67eb1992a9a84d/markupsafe-3.0.4-cp313-cp313-musllinux_1_2_x86_64.whl", hash = "sha256:2628d3a8cb648ecebb3c5d6b0a1052d400e4d8b7ac0fb786be8d285b50040d17", size = 23076, upload-time = "2026-10-02T23:05:26.423Z" },
    { url = "https://files.pythonhosted.org/packages/4a/85/c43776625428f3bb4a61e8633940400e3efe6409e3c6f5bff26de5e45618/markupsafe-3.0.4-cp313-cp313-win32.whl", hash = "sha256:672d207103e6b16ca098611b0f9efad6bc00afd47c03d6ef62186495ca677dc0", size = 14118, upload-time = "2026-10-02T23:05:27.716Z" },
    { url = "https://files.pythonhosted.org/packages/6f/36/163da64de88a13db79214ef75fa041be7fa13bdb42261cf5b7484de14bfb/markupsafe-3.0.4-cp313-cp313-win_amd64.whl", hash = "sha256:1f1f9477e174582b0a1b583d60b66e1f2cf5d3fe12cee985e4aedf44766600e5", size = 14313, upload-time = "2026-10-02T23:05:28.749Z" },
    { url = "https://files.pythonhosted.org/packages/9f/a8/9b662783ffaa1149221432a923cee562f78b9cbbb8baa3df9b3753e63e1e/markupsafe-3.0.4-cp313-cp313-win_arm64.whl", hash = "sha256:06de8ef6331f6e822c28d577dc8bf43fe398800477c49498f38fc38b67ff33fc", size = 14189, upload-time = "2026-10-02T23:05:29.917Z" },
]

[[package]]
name = "peppygen"
version = "0.1.0"
source = { directory = ".peppy/libs/peppygen" }
dependencies = [
    { name = "peppylib" },
    { name = "pycapnp" },
]

[package.metadata]
requires-dist = [
    { name = "peppylib", specifier = "==0.0.1+peppy" },
    { name = "pycapnp" },
]

[[package]]
name = "peppylib"
version = "0.0.1+peppy"
source = { directory = ".peppy/libs/peppylib" }

[[package]]
name = "pycapnp"
version = "2.2.4"
source = { registry = "https://pypi.org/simple" }
dependencies = [
    { name = "jinja2" },
]
sdist = { url = "https://files.pythonhosted.org/packages/a1/b6/de6176fd9d0a16b2ca03f1f6dfea391ef64222a394dc135c2f7bac2347fa/pycapnp-2.2.4.tar.gz", hash = "sha256:a598bd3952de76a803a53b845c8c300828338b949946d49f8af716328cda0a1a", size = 738820, upload-time = "2026-07-03T22:47:39.836Z" }
wheels = [
    { url = "https://files.pythonhosted.org/packages/18/6d/665cc3cdfc518253c3ea69880bb0376105f322885459a370b2b39ac2ef02/pycapnp-2.2.4-cp311-cp311-macosx_10_9_x86_64.whl", hash = "sha256:b246680666335e95086489ad34c71a53436dd6e70b00a042377192176acb5ff4", size = 2250151, upload-time = "2026-07-03T22:45:10.297Z" },
    { url = "https://files.pythonhosted.org/packages/a9/0b/3a0f90aa2d73b7c722b25fad551d4b2981f4c73446ced9b0d4762718e43c/pycapnp-2.2.4-cp311-cp311-macosx_11_0_arm64.whl", hash = "sha256:7d7df5d9a3c0ef0cbd4ca98453ea497a621fd362e6114299dd494193b26c8733", size = 2125578, upload-time = "2026-07-03T22:45:11.834Z" },
    { url = "https://files.pythonhosted.org/packages/45/fd/29715275e5953e94a506929de3c187de41d9e505960b9885c26c866a9582/pycapnp-2.2.4-cp311-cp311-manylinux_2_28_aarch64.whl", hash = "sha256:780cd9207ac5eb1baad5013d4bc0e4ba67235cdc054e01ec4d6ba395de42ce6a", size = 5906292, upload-time = "2026-07-03T22:45:13.42Z" },
    { url = "https://files.pythonhosted.org/packages/55/92/d0558ff8f4dd162b9781f63c06248380e62ddee17a77d40cd49c2f690724/pycapnp-2.2.4-cp311-cp311-manylinux_2_28_i686.whl", hash = "sha256:0d7691b608c22fb3e6b737d1853efdba7bb86eeef06f2e025f4f6105d9c004a6", size = 5972205, upload-time = "2026-07-03T22:45:15.887Z" },
    { url = "https://files.pythonhosted.org/packages/5f/34/242a306e9ebc9436d10c831866d04f70ba99c26efd50d7326674ae359bdb/pycapnp-2.2.4-cp311-cp311-manylinux_2_28_ppc64le.whl", hash = "sha256:e63373c00b7c47d0b6be332d5fa0ea12f03d8fc53e3c1b5c54f23e739854b5cd", size = 6368456, upload-time = "2026-07-03T22:45:17.521Z" },
    { url = "https://files.pythonhosted.org/packages/4d/79/60f958c81e9f9feacea6ce8fc641133737c027de35194a4676bdd04940f3/pycapnp-2.2.4-cp311-cp311-manylinux_2_28_s390x.whl", hash = "sha256:d4ce157c11877ad7dd23f71af47a66136eb848b562787bf62125227a15052389", size = 6404513, upload-time = "2026-07-03T22:45:19.703Z" },
    { url = "https://files.pythonhosted.org/packages/f9/01/67dfc72dc783bf4c08f6b3efdca52718dd2b5bb72260c3bfe839f8ba66a3/pycapnp-2.2.4-cp311-cp311-manylinux_2_28_x86_64.whl", hash = "sha256:7055771afef9fdfabedcabcde0c11938c016779cd512d93e3bc04d6ac6dd65d2", size = 6085586, upload-time = "2026-07-03T22:45:21.308Z" },
    { url = "https://files.pythonhosted.org/packages/73/ca/e4e8e3f8674fbb61ed93447f9684b23c08b1d217cfeadfca8dbc4e044670/pycapnp-2.2.4-cp311-cp311-musllinux_1_2_aarch64.whl", hash = "sha256:767ce1fcf433c2e56dff5af538048ad75122971576bfd89c7c2566d12504d0ab", size = 6788769, upload-time = "2026-07-03T22:45:22.919Z" },
    { url = "https://files.pythonhosted.org/packages/cf/9a/7404f91d3b3d483cef95e13d57c069561b9160ecbe3d7363356f6d96680a/pycapnp-2.2.4-cp311-cp311-musllinux_1_2_i686.whl", hash = "sha256:69531f93a7a2e4206caad035ce20958f38cd2c21c12ccd65cce690cbe2edc061", size = 7113219, upload-time = "2026-07-03T22:45:24.605Z" },
    { url = "https://files.pythonhosted.org/packages/d9/2a/6c5287f6dd2a01c71d6098d4ef5d1885a74ffd56247c4c9a7d98a26013f9/pycapnp-2.2.4-cp311-cp311-musllinux_1_2_ppc64le.whl", hash = "sha256:514dbfb866a1dcbac3efc22296b44977aebaf43cb71be8b6ea3bc70b19b5c6cd", size = 7301777, upload-time = "2026-07-03T22:45:26.591Z" },
    { url = "https://files.pythonhosted.org/packages/41/ac/acf8725b76759329437974ff563172adf364b717ccfc733db59bb0209066/pycapnp-2.2.4-cp311-cp311-musllinux_1_2_s390x.whl", hash = "sha256:796828ce481bdbe41603ccc9bf68ca837925f0ba132e426ae69f8af1158061e5", size = 7321311, upload-time = "2026-07-03T22:45:28.607Z" },
    { url = "https://files.pythonhosted.org/packages/4d/d4/8ba2b96d18b558e4180496ff55a4745383c7413b4c50ffa583de838f603d/pycapnp-2.2.4-cp311-cp311-musllinux_1_2_x86_64.whl", hash = "sha256:31c3a9bf6a35b0d640eabdb58f804253fd6037658d19f3cd1c4437c25a574267", size = 7053700, upload-time = "2026-07-03T22:45:30.454Z" },
    { url = "https://files.pythonhosted.org/packages/59/b7/01160754959db318f18538af0182cd99ac3666cdab215ec6c55dfd2dcb36/pycapnp-2.2.4-cp311-cp311-win32.whl", hash = "sha256:f892295724bb979115de689876c181dabc6b719b01d896af5d3269e710ccb526", size = 1714412, upload-time = "2026-07-03T22:45:32.179Z" },
    { url = "https://files.pythonhosted.org/packages/b2/30/f1bede85540fa9c2e25bdf0c62cf694d9a031f260e99d93f37f90b543445/pycapnp-2.2.4-cp311-cp311-win_amd64.whl", hash = "sha256:7a2e55f73ed816c0d42454f4a68fc2fc7f9d1598afaf53625e0a592932e96b83", size = 1866692, upload-time = "2026-07-03T22:45:33.689Z" },
    { url = "https://files.pythonhosted.org/packages/fc/f7/6e9db433fd206f08bb24239bbbf37248211fb05e43b91a3eed29ea0777b9/pycapnp-2.2.4-cp312-cp312-macosx_10_13_x86_64.whl", hash = "sha256:5ce72f99b089966b27e43a95911f2f448c2167ed9e56355b626423ab197c729e", size = 2240835, upload-time = "2026-07-03T22:45:35.169Z" },
    { url = "https://files.pythonhosted.org/packages/09/e4/69d8bb4bf0c45b9ab9c11866b26567d456c5a6a1def98feb96b4c4681721/pycapnp-2.2.4-cp312-cp312-macosx_11_0_arm64.whl", hash = "sha256:e54b87f5e2ecae92a6288fd0c25efff3bf3655c65cda710045bf02dd0226975d", size = 2120915, upload-time = "2026-07-03T22:45:36.637Z" },
    { url = "https://files.pythonhosted.org/packages/df/62/dfb4fa3cc6b246a1b0a0166e50b2b5b3c5217d82b7ca84dc8dbc3d57b4eb/pycapnp-2.2.4-cp312-cp312-manylinux_2_28_aarch64.whl", hash = "sha256:ef67d39da054f0b2ff4b69a4c6e20e993246a33c57f45f2b2f323df2ea4c7d5a", size = 5823966, upload-time = "2026-07-03T22:45:38.173Z" },
    { url = "https://files.pythonhosted.org/packages/db/46/79016a372293d62eebcd5d3bc0066b6b0b96c661c46b2fcfa657dd9ee565/pycapnp-2.2.4-cp312-cp312-manylinux_2_28_i686.whl", hash = "sha256:ad8d314b92301c76839a09c6924d949d65686938250aef9569081ece3776ac04", size = 5873727, upload-time = "2026-07-03T22:45:40.149Z" },
    { url = "https://files.pythonhosted.org/packages/bb/ef/40ed7ce9d9e9b2804e2f1f78f3a39f5aad8ea0452813709327b3fd627fb6/pycapnp-2.2.4-cp312-cp312-manylinux_2_28_ppc64le.whl", hash = "sha256:7f65558d2da2df1bff585f204007c9bf9c8492bf9d47041f31041f41991cf242", size = 6185326, upload-time = "2026-07-03T22:45:41.99Z" },
    { url = "https://files.pythonhosted.org/packages/9a/98/342c6a297ac1e03182fd8dd4fccff44bd5627540007b1963b58a7fbdace1/pycapnp-2.2.4-cp312-cp312-manylinux_2_28_s390x.whl", hash = "sha256:3e78f352005b731d475e0589d70dc6e0070d0e8cc5cd5e2d8b45222286413145", size = 6299271, upload-time = "2026-07-03T22:45:44.097Z" },
    { url = "https://files.pythonhosted.org/packages/7d/b7/d4386d6b47add50d659a5f8b331b8f3a13f8de4fa8c2d67b88d5ea5163e1/pycapnp-2.2.4-cp312-cp312-manylinux_2_28_x86_64.whl", hash = "sha256:80e12e4713dca8683188aae7dd883b25d9175c1b41455af2b5d5a35dd0d3c42a", size = 6048348, upload-time = "2026-07-03T22:45:46.016Z" },
    { url = "https://files.pythonhosted.org/packages/66/ac/35525c61456c1c4b272274af9212ee9443c0edbd611f43f9bca0afc64b3c/pycapnp-2.2.4-cp312-cp312-musllinux_1_2_aarch64.whl", hash = "sha256:f76823b5ce17ab91d3c69849d906ad872b2615167c21e436fa432f84373d3f46", size = 6691130, upload-time = "2026-07-03T22:45:47.817Z" },
    { url = "https://files.pythonhosted.org/packages/05/98/77e6a4041ce04b84175ac8856e6c5f520c30a72c986eb826152b410ea41c/pycapnp-2.2.4-cp312-cp312-musllinux_1_2_i686.whl", hash = "sha256:a0ecb2636231c27f0551a4b7df92384fdf0637ca5b2fad996e9450aedc4f2447", size = 7006242, upload-time = "2026-07-03T22:45:49.485Z" },
    { url = "https://files.pythonhosted.org/packages/23/dd/aabedffcd9bc85184a626d638d76fc35ac1201af07d00feebb804b661bc2/pycapnp-2.2.4-cp312-cp312-musllinux_1_2_ppc64le.whl", hash = "sha256:a22d39d36c6c07cd0be934b7c82999faa8d38e16a6808d5ee7d88e4a84c7ef95", size = 7133792, upload-time = "2026-07-03T22:45:51.36Z" },
    { url = "https://files.pythonhosted.org/packages/51/bb/746b6b5169e7fe8ceb518451280a4712c9e09049ca921592ab60ce258598/pycapnp-2.2.4-cp312-cp312-musllinux_1_2_s390x.whl", hash = "sha256:70a6bc1951ca1b7579bc053bef9d97ee72902329ee9eccf21533881a3b051b9d", size = 7219219, upload-time = "2026-07-03T22:45:53.09Z" },
    { url = "https://files.pythonhosted.org/packages/1f/ee/823f3823b977681bf569623c2fc6e07e38853f3aabc8515944da1071653d/pycapnp-2.2.4-cp312-cp312-musllinux_1_2_x86_64.whl", hash = "sha256:24003799334310d7760d0bd5896773051afa93c28b17c5e5fd2ec2c9f6df50cc", size = 6983973, upload-time = "2026-07-03T22:45:55.125Z" },
    { url = "https://files.pythonhosted.org/packages/21/4d/45bf451720b7f1de33ade1df291d0806a71bd1e249fbd5ce50e53c94fb4c/pycapnp-2.2.4-cp312-cp312-win32.whl", hash = "sha256:4d50c983c2564e4fee209a9de44fee30009e15cf1af788d38ed0caf27b5c8587", size = 1701411, upload-time = "2026-07-03T22:45:56.824Z" },
    { url = "https://files.pythonhosted.org/packages/ea/af/e3aff02a283e6a71604baa5631f924b8d5cd00538e119b375fef90218ec0/pycapnp-2.2.4-cp312-cp312-win_amd64.whl", hash = "sha256:bdcf2c04bbf92b075581c8325708cce3093d073945057c9ab5bb6a80f74b06bb", size = 1833438, upload-time = "2026-07-03T22:45:58.318Z" },
    { url = "https://files.pythonhosted.org/packages/25/f2/3ed6394e3df3cf1b85168fd57d75a7bcfc2f9d494689fa32b0d7ea9b6691/pycapnp-2.2.4-cp313-cp313-macosx_10_13_x86_64.whl", hash = "sha256:f001ec86321ee9e6a8f86ff03fbd76e0de2d1d0518e83f3901cb5b7111d9460c", size = 2239899, upload-time = "2026-07-03T22:45:59.726Z" },
    { url = "https://files.pythonhosted.org/packages/a7/2c/4349dbce7e7068b1ccb297ef9a645cff08f213a3e30a6d397a8f6326e12e/pycapnp-2.2.4-cp313-cp313-macosx_11_0_arm64.whl", hash = "sha256:b513e7ba63b8d2a4832d3dc1d683bfbb28df1e34d79eabbbbaf08ba058fb9afb", size = 2119621, upload-time = "2026-07-03T22:46:01.091Z" },
    { url = "https://files.pythonhosted.org/packages/95/5c/601967f085c26f3cc5293841c2b2755ef51782a8cbc6ec72cb5a2cf92d71/pycapnp-2.2.4-cp313-cp313-manylinux_2_28_aarch64.whl", hash = "sha256:27db8ec75f252337612db30af95a0e12a0a20afdb9ae4f51c7086dea1e626f77", size = 5842938, upload-time = "2026-07-03T22:46:02.605Z" },
    { url = "https://files.pythonhosted.org/packages/9d/ee/8369fe8116ff09d61fa8065502f043d55937ee3512a04e393eb641e2931f/pycapnp-2.2.4-cp313-cp313-manylinux_2_28_i686.whl", hash = "sha256:b6f2f09684b96dbd909423b83b3623c61bad40f88ab834470c7347e444f143bc", size = 5878205, upload-time = "2026-07-03T22:46:04.693Z" },
    { url = "https://files.pythonhosted.org/packages/f2/21/92c8e94fe29587eb54bf8bd47ab21bfd5e92a633205a8fed1608fab380f3/pycapnp-2.2.4-cp313-cp313-manylinux_2_28_ppc64le.whl", hash = "sha256:c270456d650c7bd19654b6edd171bbda0e4de76d3c243be1661e6ef643c3278a", size = 6198045, upload-time = "2026-07-03T22:46:06.77Z" },
    { url = "https://files.pythonhosted.org/packages/2b/e8/d1ebb880fd7860b09c7fc4962f5f941dc14e8cc8b8d124684e9c46bc3808/pycapnp-2.2.4-cp313-cp313-manylinux_2_28_s390x.whl", hash = "sha256:ddb3a39941af3bb23ca598f1f9e43246e7e212937c53ba3cc4b5dcfb7419fe56", size = 6252408, upload-time = "2026-07-03T22:46:08.68Z" },
    { url = "https://files.pythonhosted.org/packages/6f/20/0745b69c093e8d315bc72443c13e46b47838f8a0d8bf05f7453273b74e5d/pycapnp-2.2.4-cp313-cp313-manylinux_2_28_x86_64.whl", hash = "sha256:3d5444575a2f9c2f1cf50c99ef08d9a76dde47a3a13fdf02909fe6c6e1b69901", size = 6031858, upload-time = "2026-07-03T22:46:10.56Z" },
    { url = "https://files.pythonhosted.org/packages/48/45/a950f5687699f1a98a6d9826f3fec16eb8fdf9c8254f67afb9c98b0ff10b/pycapnp-2.2.4-cp313-cp313-musllinux_1_2_aarch64.whl", hash = "sha256:181326bf648a65398eeb9144aa8c55dbc0b8c58c7991d3f91fa60275591648e1", size = 6711798, upload-time = "2026-07-03T22:46:12.193Z" },
    { url = "https://files.pythonhosted.org/packages/ac/19/71ac1b2bb54ef67e21b0d8254030a950fd2c998aacb4ae5d9583127ede84/pycapnp-2.2.4-cp313-cp313-musllinux_1_2_i686.whl", hash = "sha256:11eb14153884d19771aa7e92e8601d084e6655cacfcae1441c165953d2b8ce3b", size = 7011127, upload-time = "2026-07-03T22:46:13.928Z" },
    { url = "https://files.pythonhosted.org/packages/ee/06/bb996d95aa984a6b3896c8f953d2e334954d6ce441fe07360945567f0671/pycapnp-2.2.4-cp313-cp313-musllinux_1_2_ppc64le.whl", hash = "sha256:517d812d53d07e800c8ce9fb156b027f208a0b0a62e725bf85a2f3d051057dfb", size = 7138597, upload-time = "2026-07-03T22:46:15.875Z" },
    { url = "https://files.pythonhosted.org/packages/41/ca/f32c26f828a1e406e2a181a815431ef00127835dd6e78765550bbee36b7b/pycapnp-2.2.4-cp313-cp313-musllinux_1_2_s390x.whl", hash = "sha256:2a32cc049ccf59f4c7390197e66609f87a4b979fe922fca8328a6dabb8c644d9", size = 7199732, upload-time = "2026-07-03T22:46:17.505Z" },
    { url = "https://files.pythonhosted.org/packages/73/41/d0a57aa6f24a8ff2ea584f4fc838058423f026ccf13e8d6eddd1565f1fc8/pycapnp-2.2.4-cp313-cp313-musllinux_1_2_x86_64.whl", hash = "sha256:6724b5665f6a1adb8f7bc574f3b223a1f21c07294040fbd4e08885b754f24c45", size = 6977950, upload-time = "2026-07-03T22:46:19.513Z" },
    { url = "https://files.pythonhosted.org/packages/83/68/6271db9461172d6b03612759ab2cf967318c72aad8f9db7cf26ff5486dc2/pycapnp-2.2.4-cp313-cp313-win32.whl", hash = "sha256:5a90625741062a28d859b1694903b4c84f3e70023661839a3c73635ff67a5e47", size = 1700821, upload-time = "2026-07-03T22:46:21.21Z" },
    { url = "https://files.pythonhosted.org/packages/76/ac/26ea5ae9f52d7836d489628f92b02879fb39a82284d4e806a360d80fa234/pycapnp-2.2.4-cp313-cp313-win_amd64.whl", hash = "sha256:99fbd0d096cafd63c63edf0be6f82214c1b390f9f61d686146518c971e59eefc", size = 1832655, upload-time = "2026-07-03T22:46:22.686Z" },
]
